
Microsoft Visual Studio Solution File, Format Version 12.00
# Visual Studio 15
Project("{FAE04EC0-301F-11D3-BF4B-00C04F79EFBC}") = "Assembly-CSharp", "Assembly-CSharp.csproj", "{7297534A-9188-1D14-F321-A643C1780981}"
EndProject
Project("{FAE04EC0-301F-11D3-BF4B-00C04F79EFBC}") = "Assembly-CSharp-Editor", "Assembly-CSharp-Editor.csproj", "{AFF37450-0142-D951-8C85-BD279359B4D4}"
EndProject
Global
	GlobalSection(SolutionConfigurationPlatforms) = preSolution
		Debug|Any CPU = Debug|Any CPU
		Release|Any CPU = Release|Any CPU
	EndGlobalSection
	GlobalSection(ProjectConfigurationPlatforms) = postSolution
		{7297534A-9188-1D14-F321-A643C1780981}.Debug|Any CPU.ActiveCfg = Debug|Any CPU
		{7297534A-9188-1D14-F321-A643C1780981}.Debug|Any CPU.Build.0 = Debug|Any CPU
		{7297534A-9188-1D14-F321-A643C1780981}.Release|Any CPU.ActiveCfg = Release|Any CPU
		{7297534A-9188-1D14-F321-A643C1780981}.Release|Any CPU.Build.0 = Release|Any CPU
		{AFF37450-0142-D951-8C85-BD279359B4D4}.Debug|Any CPU.ActiveCfg = Debug|Any CPU
		{AFF37450-0142-D951-8C85-BD279359B4D4}.Debug|Any CPU.Build.0 = Debug|Any CPU
		{AFF37450-0142-D951-8C85-BD279359B4D4}.Release|Any CPU.ActiveCfg = Release|Any CPU
		{AFF37450-0142-D951-8C85-BD279359B4D4}.Release|Any CPU.Build.0 = Release|Any CPU
	EndGlobalSection
	GlobalSection(SolutionProperties) = preSolution
		HideSolutionNode = FALSE
	EndGlobalSection
EndGlobal
